
Microsoft Visual Studio Solution File, Format Version 12.00
# Visual Studio Version 17
VisualStudioVersion = 17.0.32014.148
MinimumVisualStudioVersion = 10.0.40219.1
Project("{FAE04EC0-301F-11D3-BF4B-00C04F79EFBC}") = "ContactoApp", "ContactoApp.csproj", "{5CAA09C7-8E09-46E9-9BC2-9EE117B3E022}"
EndProject
Global
	GlobalSection(SolutionConfigurationPlatforms) = preSolution
		Debug|Any CPU = Debug|Any CPU
		Release|Any CPU = Release|Any CPU
	EndGlobalSection
	GlobalSection(ProjectConfigurationPlatforms) = postSolution
		{5CAA09C7-8E09-46E9-9BC2-9EE117B3E022}.Debug|Any CPU.ActiveCfg = Debug|Any CPU
		{5CAA09C7-8E09-46E9-9BC2-9EE117B3E022}.Debug|Any CPU.Build.0 = Debug|Any CPU
		{5CAA09C7-8E09-46E9-9BC2-9EE117B3E022}.Release|Any CPU.ActiveCfg = Release|Any CPU
		{5CAA09C7-8E09-46E9-9BC2-9EE117B3E022}.Release|Any CPU.Build.0 = Release|Any CPU
	EndGlobalSection
	GlobalSection(SolutionProperties) = preSolution
		HideSolutionNode = FALSE
	EndGlobalSection
	GlobalSection(ExtensibilityGlobals) = postSolution
		SolutionGuid = {919BE7D4-4F63-4B73-9067-921FDA9D220C}
	EndGlobalSection
EndGlobal
